
Microsoft Visual Studio Solution File, Format Version 12.00
# Visual Studio Version 16
VisualStudioVersion = 16.0.33027.164
MinimumVisualStudioVersion = 10.0.40219.1
Project("{FAE04EC0-301F-11D3-BF4B-00C04F79EFBC}") = "ebOS", "ebOS.csproj", "{4E9472D0-4BC5-4B9F-8ADC-10B3DF95ADA0}"
EndProject
Global
	GlobalSection(SolutionConfigurationPlatforms) = preSolution
		Debug|Any CPU = Debug|Any CPU
		Release|Any CPU = Release|Any CPU
	EndGlobalSection
	GlobalSection(ProjectConfigurationPlatforms) = postSolution
		{4E9472D0-4BC5-4B9F-8ADC-10B3DF95ADA0}.Debug|Any CPU.ActiveCfg = Debug|Any CPU
		{4E9472D0-4BC5-4B9F-8ADC-10B3DF95ADA0}.Debug|Any CPU.Build.0 = Debug|Any CPU
		{4E9472D0-4BC5-4B9F-8ADC-10B3DF95ADA0}.Release|Any CPU.ActiveCfg = Release|Any CPU
		{4E9472D0-4BC5-4B9F-8ADC-10B3DF95ADA0}.Release|Any CPU.Build.0 = Release|Any CPU
	EndGlobalSection
	GlobalSection(SolutionProperties) = preSolution
		HideSolutionNode = FALSE
	EndGlobalSection
	GlobalSection(ExtensibilityGlobals) = postSolution
		SolutionGuid = {5DDCC84E-0CED-44FB-940C-12C62249FD59}
	EndGlobalSection
EndGlobal
